
Microsoft Visual Studio Solution File, Format Version 12.00
# Visual Studio Version 17
VisualStudioVersion = 17.4.33205.214
MinimumVisualStudioVersion = 10.0.40219.1
Project("{FAE04EC0-301F-11D3-BF4B-00C04F79EFBC}") = "Client", "Client\Client.csproj", "{22D2DACE-64D7-4C71-8206-4CBC8A5F4C0E}"
EndProject
Global
	GlobalSection(SolutionConfigurationPlatforms) = preSolution
		Debug|Any CPU = Debug|Any CPU
		Release|Any CPU = Release|Any CPU
	EndGlobalSection
	GlobalSection(ProjectConfigurationPlatforms) = postSolution
		{22D2DACE-64D7-4C71-8206-4CBC8A5F4C0E}.Debug|Any CPU.ActiveCfg = Debug|Any CPU
		{22D2DACE-64D7-4C71-8206-4CBC8A5F4C0E}.Debug|Any CPU.Build.0 = Debug|Any CPU
		{22D2DACE-64D7-4C71-8206-4CBC8A5F4C0E}.Release|Any CPU.ActiveCfg = Release|Any CPU
		{22D2DACE-64D7-4C71-8206-4CBC8A5F4C0E}.Release|Any CPU.Build.0 = Release|Any CPU
	EndGlobalSection
	GlobalSection(SolutionProperties) = preSolution
		HideSolutionNode = FALSE
	EndGlobalSection
	GlobalSection(ExtensibilityGlobals) = postSolution
		SolutionGuid = {2F11542B-1EC7-4B6C-9A4E-199B4336090A}
	EndGlobalSection
EndGlobal
